
Microsoft Visual Studio Solution File, Format Version 12.00
# Visual Studio 15
VisualStudioVersion = 15.0.27428.2015
MinimumVisualStudioVersion = 10.0.40219.1
Project("{FAE04EC0-301F-11D3-BF4B-00C04F79EFBC}") = "PaymentSystem", "PaymentSystem\PaymentSystem.csproj", "{C9F6A9DD-DEAF-4B85-BF4F-6F4E085E1495}"
EndProject
Project("{FAE04EC0-301F-11D3-BF4B-00C04F79EFBC}") = "PaymentSystem.Common", "PaymentSystem.Common\PaymentSystem.Common.csproj", "{3BD13C48-3F8A-4E83-BB9B-EB0A2239B481}"
EndProject
Project("{FAE04EC0-301F-11D3-BF4B-00C04F79EFBC}") = "PaymentSystem.Domain", "PaymentSystem.Domain\PaymentSystem.Domain.csproj", "{C274BF78-0D85-4CE4-BD38-8F7BB9AF2C37}"
EndProject
Project("{FAE04EC0-301F-11D3-BF4B-00C04F79EFBC}") = "PaymentSystem.Models", "PaymentSystem.Models\PaymentSystem.Models.csproj", "{7BB3E9BE-EA27-49D5-BEB8-7424370DBAAC}"
EndProject
Global
	GlobalSection(SolutionConfigurationPlatforms) = preSolution
		Debug|Any CPU = Debug|Any CPU
		Release|Any CPU = Release|Any CPU
	EndGlobalSection
	GlobalSection(ProjectConfigurationPlatforms) = postSolution
		{C9F6A9DD-DEAF-4B85-BF4F-6F4E085E1495}.Debug|Any CPU.ActiveCfg = Debug|Any CPU
		{C9F6A9DD-DEAF-4B85-BF4F-6F4E085E1495}.Debug|Any CPU.Build.0 = Debug|Any CPU
		{C9F6A9DD-DEAF-4B85-BF4F-6F4E085E1495}.Release|Any CPU.ActiveCfg = Release|Any CPU
		{C9F6A9DD-DEAF-4B85-BF4F-6F4E085E1495}.Release|Any CPU.Build.0 = Release|Any CPU
		{3BD13C48-3F8A-4E83-BB9B-EB0A2239B481}.Debug|Any CPU.ActiveCfg = Debug|Any CPU
		{3BD13C48-3F8A-4E83-BB9B-EB0A2239B481}.Debug|Any CPU.Build.0 = Debug|Any CPU
		{3BD13C48-3F8A-4E83-BB9B-EB0A2239B481}.Release|Any CPU.ActiveCfg = Release|Any CPU
		{3BD13C48-3F8A-4E83-BB9B-EB0A2239B481}.Release|Any CPU.Build.0 = Release|Any CPU
		{C274BF78-0D85-4CE4-BD38-8F7BB9AF2C37}.Debug|Any CPU.ActiveCfg = Debug|Any CPU
		{C274BF78-0D85-4CE4-BD38-8F7BB9AF2C37}.Debug|Any CPU.Build.0 = Debug|Any CPU
		{C274BF78-0D85-4CE4-BD38-8F7BB9AF2C37}.Release|Any CPU.ActiveCfg = Release|Any CPU
		{C274BF78-0D85-4CE4-BD38-8F7BB9AF2C37}.Release|Any CPU.Build.0 = Release|Any CPU
		{7BB3E9BE-EA27-49D5-BEB8-7424370DBAAC}.Debug|Any CPU.ActiveCfg = Debug|Any CPU
		{7BB3E9BE-EA27-49D5-BEB8-7424370DBAAC}.Debug|Any CPU.Build.0 = Debug|Any CPU
		{7BB3E9BE-EA27-49D5-BEB8-7424370DBAAC}.Release|Any CPU.ActiveCfg = Release|Any CPU
		{7BB3E9BE-EA27-49D5-BEB8-7424370DBAAC}.Release|Any CPU.Build.0 = Release|Any CPU
	EndGlobalSection
	GlobalSection(SolutionProperties) = preSolution
		HideSolutionNode = FALSE
	EndGlobalSection
	GlobalSection(ExtensibilityGlobals) = postSolution
		SolutionGuid = {9F6704A2-0217-4BFC-A456-A938D50A20D6}
	EndGlobalSection
	GlobalSection(TeamFoundationVersionControl) = preSolution
		SccNumberOfProjects = 5
		SccEnterpriseProvider = {4CA58AB2-18FA-4F8D-95D4-32DDF27D184C}
		SccTeamFoundationServer = https://teodor-valkov.visualstudio.com/
		SccLocalPath0 = .
		SccProjectUniqueName1 = PaymentSystem\\PaymentSystem.csproj
		SccProjectName1 = PaymentSystem
		SccLocalPath1 = PaymentSystem
		SccProjectUniqueName2 = PaymentSystem.Common\\PaymentSystem.Common.csproj
		SccProjectName2 = PaymentSystem.Common
		SccLocalPath2 = PaymentSystem.Common
		SccProjectUniqueName3 = PaymentSystem.Domain\\PaymentSystem.Domain.csproj
		SccProjectName3 = PaymentSystem.Domain
		SccLocalPath3 = PaymentSystem.Domain
		SccProjectUniqueName4 = PaymentSystem.Models\\PaymentSystem.Models.csproj
		SccProjectName4 = PaymentSystem.Models
		SccLocalPath4 = PaymentSystem.Models
	EndGlobalSection
EndGlobal
